
Microsoft Visual Studio Solution File, Format Version 12.00
# Visual Studio Version 17
VisualStudioVersion = 17.9.34622.214
MinimumVisualStudioVersion = 10.0.40219.1
Project("{9A19103F-16F7-4668-BE54-9A1E7A4F7556}") = "Exercicio01.ConsoleApp", "Exercicio01.ConsoleApp\Exercicio01.ConsoleApp.csproj", "{36A78E0F-4282-43A7-B3FB-FE635790B20C}"
EndProject
Project("{9A19103F-16F7-4668-BE54-9A1E7A4F7556}") = "Exercicio02.ConsoleApp", "Exercicio02.ConsoleApp\Exercicio02.ConsoleApp.csproj", "{24186881-C04C-4D61-A682-117B3F076432}"
EndProject
Project("{9A19103F-16F7-4668-BE54-9A1E7A4F7556}") = "Exercicio05.ConsoleApp", "Exercicio05.ConsoleApp\Exercicio05.ConsoleApp.csproj", "{AA114DD6-E8F3-47D6-BC1E-E376AB4EC59C}"
EndProject
Project("{9A19103F-16F7-4668-BE54-9A1E7A4F7556}") = "Exercicio06.ConsoleApp", "Exercicio06.ConsoleApp\Exercicio06.ConsoleApp.csproj", "{2EF539DD-F66B-4E09-B9EC-8CC9A5B0259A}"
EndProject
Project("{9A19103F-16F7-4668-BE54-9A1E7A4F7556}") = "Exercicio07.ConsoleApp", "Exercicio07.ConsoleApp\Exercicio07.ConsoleApp.csproj", "{05B36806-518D-4DA2-81ED-32D70822EF8B}"
EndProject
Project("{9A19103F-16F7-4668-BE54-9A1E7A4F7556}") = "Exercicio03.ConsoleApp", "Exercicio03.ConsoleApp\Exercicio03.ConsoleApp.csproj", "{BFC445BA-6B32-40BF-9DF1-592FE04708E5}"
EndProject
Project("{9A19103F-16F7-4668-BE54-9A1E7A4F7556}") = "Exercicio04.ConsoleApp", "Exercicio04.ConsoleApp\Exercicio04.ConsoleApp.csproj", "{BC8A85A9-8A3D-47A1-BC4D-435C24FC524B}"
EndProject
Project("{9A19103F-16F7-4668-BE54-9A1E7A4F7556}") = "Exercicio09.ConsoleApp", "Exercicio09.ConsoleApp\Exercicio09.ConsoleApp.csproj", "{9CD3E6D4-63A1-4DA8-B13B-545AEE6028C0}"
EndProject
Project("{9A19103F-16F7-4668-BE54-9A1E7A4F7556}") = "Exercicio10.ConsoleApp", "Exercicio10.ConsoleApp\Exercicio10.ConsoleApp.csproj", "{ED56D519-F6F4-4D41-BF13-984E595F31F6}"
EndProject
Project("{9A19103F-16F7-4668-BE54-9A1E7A4F7556}") = "Exercicio12.ConsoleApp", "Exercicio12.ConsoleApp\Exercicio12.ConsoleApp.csproj", "{AEC4088E-E72C-4007-B255-7F559D4CDDDD}"
EndProject
Project("{9A19103F-16F7-4668-BE54-9A1E7A4F7556}") = "Exercicio13.ConsoleApp", "Exercicio13.ConsoleApp\Exercicio13.ConsoleApp.csproj", "{32CA3DB1-0E41-458F-B7C9-20560A6B8760}"
EndProject
Project("{9A19103F-16F7-4668-BE54-9A1E7A4F7556}") = "Exercicio14.ConsoleApp", "Exercicio14.ConsoleApp\Exercicio14.ConsoleApp.csproj", "{B97D9F8D-70D9-49E5-B6DA-579A485508B1}"
EndProject
Project("{9A19103F-16F7-4668-BE54-9A1E7A4F7556}") = "Exercicio16.ConsoleApp", "Exercicio16.ConsoleApp\Exercicio16.ConsoleApp.csproj", "{9267DE00-7518-480F-AF14-28349DAC6836}"
EndProject
Project("{9A19103F-16F7-4668-BE54-9A1E7A4F7556}") = "Exercicio17.ConsoleApp", "Exercicio17.ConsoleApp\Exercicio17.ConsoleApp.csproj", "{36BFEFF6-0264-4C8B-832B-339833472FD6}"
EndProject
Project("{9A19103F-16F7-4668-BE54-9A1E7A4F7556}") = "Exercicio18.ConsoleApp", "Exercicio18.ConsoleApp\Exercicio18.ConsoleApp.csproj", "{4DE2C44C-4CB5-46A2-83EC-FCE1A6A21811}"
EndProject
Project("{FAE04EC0-301F-11D3-BF4B-00C04F79EFBC}") = "Exercicio19.ConsoleApp", "Exercicio19.ConsoleApp\Exercicio19.ConsoleApp.csproj", "{00EAE9C2-3DB1-4867-A18B-6C8E2D0DF3FB}"
EndProject
Project("{FAE04EC0-301F-11D3-BF4B-00C04F79EFBC}") = "Exercicio20.ConsoleApp", "Exercicio20.ConsoleApp\Exercicio20.ConsoleApp.csproj", "{54FF9230-C2DF-4C86-8332-1CDBE7B652AA}"
EndProject
Project("{FAE04EC0-301F-11D3-BF4B-00C04F79EFBC}") = "Exercicio21.ConsoleApp", "Exercicio21.ConsoleApp\Exercicio21.ConsoleApp.csproj", "{01EB8982-415A-4D01-B325-0D23C8DFDBF9}"
EndProject
Project("{FAE04EC0-301F-11D3-BF4B-00C04F79EFBC}") = "Exercicio22.ConsoleApp", "Exercicio22.ConsoleApp\Exercicio22.ConsoleApp.csproj", "{D906F58A-C91E-4147-BC55-F65CA4C9D9C2}"
EndProject
Project("{FAE04EC0-301F-11D3-BF4B-00C04F79EFBC}") = "Exercicio23.ConsoleApp", "Exercicio23.ConsoleApp\Exercicio23.ConsoleApp.csproj", "{2725B0A1-7489-46A5-AC12-47D6D47BD77F}"
EndProject
Project("{FAE04EC0-301F-11D3-BF4B-00C04F79EFBC}") = "Exercicio24.ConsoleApp", "Exercicio24.ConsoleApp\Exercicio24.ConsoleApp.csproj", "{1E07ACA2-F7C1-49FB-BEA4-2DBACEE3F5E5}"
EndProject
Project("{FAE04EC0-301F-11D3-BF4B-00C04F79EFBC}") = "Exercicio25.ConsoleApp", "Exercicio25.ConsoleApp\Exercicio25.ConsoleApp.csproj", "{FABA8418-2477-48CC-85E2-5E34E0FA21EC}"
EndProject
Project("{FAE04EC0-301F-11D3-BF4B-00C04F79EFBC}") = "Exercicio26.ConsoleApp", "Exercicio26.ConsoleApp\Exercicio26.ConsoleApp.csproj", "{838FD1DD-BD3A-4C54-883B-C9C99EADA494}"
EndProject
Project("{FAE04EC0-301F-11D3-BF4B-00C04F79EFBC}") = "Exercicio27.ConsoleApp", "Exercicio27.ConsoleApp\Exercicio27.ConsoleApp.csproj", "{8693F4EB-211B-447E-AD1C-25D648FB8040}"
EndProject
Project("{FAE04EC0-301F-11D3-BF4B-00C04F79EFBC}") = "Exercicio28.ConsoleApp", "Exercicio28.ConsoleApp\Exercicio28.ConsoleApp.csproj", "{455FA367-C828-4047-946C-3ECDE454B91B}"
EndProject
Global
	GlobalSection(SolutionConfigurationPlatforms) = preSolution
		Debug|Any CPU = Debug|Any CPU
		Release|Any CPU = Release|Any CPU
	EndGlobalSection
	GlobalSection(ProjectConfigurationPlatforms) = postSolution
		{36A78E0F-4282-43A7-B3FB-FE635790B20C}.Debug|Any CPU.ActiveCfg = Debug|Any CPU
		{36A78E0F-4282-43A7-B3FB-FE635790B20C}.Debug|Any CPU.Build.0 = Debug|Any CPU
		{36A78E0F-4282-43A7-B3FB-FE635790B20C}.Release|Any CPU.ActiveCfg = Release|Any CPU
		{36A78E0F-4282-43A7-B3FB-FE635790B20C}.Release|Any CPU.Build.0 = Release|Any CPU
		{24186881-C04C-4D61-A682-117B3F076432}.Debug|Any CPU.ActiveCfg = Debug|Any CPU
		{24186881-C04C-4D61-A682-117B3F076432}.Debug|Any CPU.Build.0 = Debug|Any CPU
		{24186881-C04C-4D61-A682-117B3F076432}.Release|Any CPU.ActiveCfg = Release|Any CPU
		{24186881-C04C-4D61-A682-117B3F076432}.Release|Any CPU.Build.0 = Release|Any CPU
		{AA114DD6-E8F3-47D6-BC1E-E376AB4EC59C}.Debug|Any CPU.ActiveCfg = Debug|Any CPU
		{AA114DD6-E8F3-47D6-BC1E-E376AB4EC59C}.Debug|Any CPU.Build.0 = Debug|Any CPU
		{AA114DD6-E8F3-47D6-BC1E-E376AB4EC59C}.Release|Any CPU.ActiveCfg = Release|Any CPU
		{AA114DD6-E8F3-47D6-BC1E-E376AB4EC59C}.Release|Any CPU.Build.0 = Release|Any CPU
		{2EF539DD-F66B-4E09-B9EC-8CC9A5B0259A}.Debug|Any CPU.ActiveCfg = Debug|Any CPU
		{2EF539DD-F66B-4E09-B9EC-8CC9A5B0259A}.Debug|Any CPU.Build.0 = Debug|Any CPU
		{2EF539DD-F66B-4E09-B9EC-8CC9A5B0259A}.Release|Any CPU.ActiveCfg = Release|Any CPU
		{2EF539DD-F66B-4E09-B9EC-8CC9A5B0259A}.Release|Any CPU.Build.0 = Release|Any CPU
		{05B36806-518D-4DA2-81ED-32D70822EF8B}.Debug|Any CPU.ActiveCfg = Debug|Any CPU
		{05B36806-518D-4DA2-81ED-32D70822EF8B}.Debug|Any CPU.Build.0 = Debug|Any CPU
		{05B36806-518D-4DA2-81ED-32D70822EF8B}.Release|Any CPU.ActiveCfg = Release|Any CPU
		{05B36806-518D-4DA2-81ED-32D70822EF8B}.Release|Any CPU.Build.0 = Release|Any CPU
		{BFC445BA-6B32-40BF-9DF1-592FE04708E5}.Debug|Any CPU.ActiveCfg = Debug|Any CPU
		{BFC445BA-6B32-40BF-9DF1-592FE04708E5}.Debug|Any CPU.Build.0 = Debug|Any CPU
		{BFC445BA-6B32-40BF-9DF1-592FE04708E5}.Release|Any CPU.ActiveCfg = Release|Any CPU
		{BFC445BA-6B32-40BF-9DF1-592FE04708E5}.Release|Any CPU.Build.0 = Release|Any CPU
		{BC8A85A9-8A3D-47A1-BC4D-435C24FC524B}.Debug|Any CPU.ActiveCfg = Debug|Any CPU
		{BC8A85A9-8A3D-47A1-BC4D-435C24FC524B}.Debug|Any CPU.Build.0 = Debug|Any CPU
		{BC8A85A9-8A3D-47A1-BC4D-435C24FC524B}.Release|Any CPU.ActiveCfg = Release|Any CPU
		{BC8A85A9-8A3D-47A1-BC4D-435C24FC524B}.Release|Any CPU.Build.0 = Release|Any CPU
		{9CD3E6D4-63A1-4DA8-B13B-545AEE6028C0}.Debug|Any CPU.ActiveCfg = Debug|Any CPU
		{9CD3E6D4-63A1-4DA8-B13B-545AEE6028C0}.Debug|Any CPU.Build.0 = Debug|Any CPU
		{9CD3E6D4-63A1-4DA8-B13B-545AEE6028C0}.Release|Any CPU.ActiveCfg = Release|Any CPU
		{9CD3E6D4-63A1-4DA8-B13B-545AEE6028C0}.Release|Any CPU.Build.0 = Release|Any CPU
		{ED56D519-F6F4-4D41-BF13-984E595F31F6}.Debug|Any CPU.ActiveCfg = Debug|Any CPU
		{ED56D519-F6F4-4D41-BF13-984E595F31F6}.Debug|Any CPU.Build.0 = Debug|Any CPU
		{ED56D519-F6F4-4D41-BF13-984E595F31F6}.Release|Any CPU.ActiveCfg = Release|Any CPU
		{ED56D519-F6F4-4D41-BF13-984E595F31F6}.Release|Any CPU.Build.0 = Release|Any CPU
		{AEC4088E-E72C-4007-B255-7F559D4CDDDD}.Debug|Any CPU.ActiveCfg = Debug|Any CPU
		{AEC4088E-E72C-4007-B255-7F559D4CDDDD}.Debug|Any CPU.Build.0 = Debug|Any CPU
		{AEC4088E-E72C-4007-B255-7F559D4CDDDD}.Release|Any CPU.ActiveCfg = Release|Any CPU
		{AEC4088E-E72C-4007-B255-7F559D4CDDDD}.Release|Any CPU.Build.0 = Release|Any CPU
		{32CA3DB1-0E41-458F-B7C9-20560A6B8760}.Debug|Any CPU.ActiveCfg = Debug|Any CPU
		{32CA3DB1-0E41-458F-B7C9-20560A6B8760}.Debug|Any CPU.Build.0 = Debug|Any CPU
		{32CA3DB1-0E41-458F-B7C9-20560A6B8760}.Release|Any CPU.ActiveCfg = Release|Any CPU
		{32CA3DB1-0E41-458F-B7C9-20560A6B8760}.Release|Any CPU.Build.0 = Release|Any CPU
		{B97D9F8D-70D9-49E5-B6DA-579A485508B1}.Debug|Any CPU.ActiveCfg = Debug|Any CPU
		{B97D9F8D-70D9-49E5-B6DA-579A485508B1}.Debug|Any CPU.Build.0 = Debug|Any CPU
		{B97D9F8D-70D9-49E5-B6DA-579A485508B1}.Release|Any CPU.ActiveCfg = Release|Any CPU
		{B97D9F8D-70D9-49E5-B6DA-579A485508B1}.Release|Any CPU.Build.0 = Release|Any CPU
		{9267DE00-7518-480F-AF14-28349DAC6836}.Debug|Any CPU.ActiveCfg = Debug|Any CPU
		{9267DE00-7518-480F-AF14-28349DAC6836}.Debug|Any CPU.Build.0 = Debug|Any CPU
		{9267DE00-7518-480F-AF14-28349DAC6836}.Release|Any CPU.ActiveCfg = Release|Any CPU
		{9267DE00-7518-480F-AF14-28349DAC6836}.Release|Any CPU.Build.0 = Release|Any CPU
		{36BFEFF6-0264-4C8B-832B-339833472FD6}.Debug|Any CPU.ActiveCfg = Debug|Any CPU
		{36BFEFF6-0264-4C8B-832B-339833472FD6}.Debug|Any CPU.Build.0 = Debug|Any CPU
		{36BFEFF6-0264-4C8B-832B-339833472FD6}.Release|Any CPU.ActiveCfg = Release|Any CPU
		{36BFEFF6-0264-4C8B-832B-339833472FD6}.Release|Any CPU.Build.0 = Release|Any CPU
		{4DE2C44C-4CB5-46A2-83EC-FCE1A6A21811}.Debug|Any CPU.ActiveCfg = Debug|Any CPU
		{4DE2C44C-4CB5-46A2-83EC-FCE1A6A21811}.Debug|Any CPU.Build.0 = Debug|Any CPU
		{4DE2C44C-4CB5-46A2-83EC-FCE1A6A21811}.Release|Any CPU.ActiveCfg = Release|Any CPU
		{4DE2C44C-4CB5-46A2-83EC-FCE1A6A21811}.Release|Any CPU.Build.0 = Release|Any CPU
		{00EAE9C2-3DB1-4867-A18B-6C8E2D0DF3FB}.Debug|Any CPU.ActiveCfg = Debug|Any CPU
		{00EAE9C2-3DB1-4867-A18B-6C8E2D0DF3FB}.Debug|Any CPU.Build.0 = Debug|Any CPU
		{00EAE9C2-3DB1-4867-A18B-6C8E2D0DF3FB}.Release|Any CPU.ActiveCfg = Release|Any CPU
		{00EAE9C2-3DB1-4867-A18B-6C8E2D0DF3FB}.Release|Any CPU.Build.0 = Release|Any CPU
		{54FF9230-C2DF-4C86-8332-1CDBE7B652AA}.Debug|Any CPU.ActiveCfg = Debug|Any CPU
		{54FF9230-C2DF-4C86-8332-1CDBE7B652AA}.Debug|Any CPU.Build.0 = Debug|Any CPU
		{54FF9230-C2DF-4C86-8332-1CDBE7B652AA}.Release|Any CPU.ActiveCfg = Release|Any CPU
		{54FF9230-C2DF-4C86-8332-1CDBE7B652AA}.Release|Any CPU.Build.0 = Release|Any CPU
		{01EB8982-415A-4D01-B325-0D23C8DFDBF9}.Debug|Any CPU.ActiveCfg = Debug|Any CPU
		{01EB8982-415A-4D01-B325-0D23C8DFDBF9}.Debug|Any CPU.Build.0 = Debug|Any CPU
		{01EB8982-415A-4D01-B325-0D23C8DFDBF9}.Release|Any CPU.ActiveCfg = Release|Any CPU
		{01EB8982-415A-4D01-B325-0D23C8DFDBF9}.Release|Any CPU.Build.0 = Release|Any CPU
		{D906F58A-C91E-4147-BC55-F65CA4C9D9C2}.Debug|Any CPU.ActiveCfg = Debug|Any CPU
		{D906F58A-C91E-4147-BC55-F65CA4C9D9C2}.Debug|Any CPU.Build.0 = Debug|Any CPU
		{D906F58A-C91E-4147-BC55-F65CA4C9D9C2}.Release|Any CPU.ActiveCfg = Release|Any CPU
		{D906F58A-C91E-4147-BC55-F65CA4C9D9C2}.Release|Any CPU.Build.0 = Release|Any CPU
		{2725B0A1-7489-46A5-AC12-47D6D47BD77F}.Debug|Any CPU.ActiveCfg = Debug|Any CPU
		{2725B0A1-7489-46A5-AC12-47D6D47BD77F}.Debug|Any CPU.Build.0 = Debug|Any CPU
		{2725B0A1-7489-46A5-AC12-47D6D47BD77F}.Release|Any CPU.ActiveCfg = Release|Any CPU
		{2725B0A1-7489-46A5-AC12-47D6D47BD77F}.Release|Any CPU.Build.0 = Release|Any CPU
		{1E07ACA2-F7C1-49FB-BEA4-2DBACEE3F5E5}.Debug|Any CPU.ActiveCfg = Debug|Any CPU
		{1E07ACA2-F7C1-49FB-BEA4-2DBACEE3F5E5}.Debug|Any CPU.Build.0 = Debug|Any CPU
		{1E07ACA2-F7C1-49FB-BEA4-2DBACEE3F5E5}.Release|Any CPU.ActiveCfg = Release|Any CPU
		{1E07ACA2-F7C1-49FB-BEA4-2DBACEE3F5E5}.Release|Any CPU.Build.0 = Release|Any CPU
		{FABA8418-2477-48CC-85E2-5E34E0FA21EC}.Debug|Any CPU.ActiveCfg = Debug|Any CPU
		{FABA8418-2477-48CC-85E2-5E34E0FA21EC}.Debug|Any CPU.Build.0 = Debug|Any CPU
		{FABA8418-2477-48CC-85E2-5E34E0FA21EC}.Release|Any CPU.ActiveCfg = Release|Any CPU
		{FABA8418-2477-48CC-85E2-5E34E0FA21EC}.Release|Any CPU.Build.0 = Release|Any CPU
		{838FD1DD-BD3A-4C54-883B-C9C99EADA494}.Debug|Any CPU.ActiveCfg = Debug|Any CPU
		{838FD1DD-BD3A-4C54-883B-C9C99EADA494}.Debug|Any CPU.Build.0 = Debug|Any CPU
		{838FD1DD-BD3A-4C54-883B-C9C99EADA494}.Release|Any CPU.ActiveCfg = Release|Any CPU
		{838FD1DD-BD3A-4C54-883B-C9C99EADA494}.Release|Any CPU.Build.0 = Release|Any CPU
		{8693F4EB-211B-447E-AD1C-25D648FB8040}.Debug|Any CPU.ActiveCfg = Debug|Any CPU
		{8693F4EB-211B-447E-AD1C-25D648FB8040}.Debug|Any CPU.Build.0 = Debug|Any CPU
		{8693F4EB-211B-447E-AD1C-25D648FB8040}.Release|Any CPU.ActiveCfg = Release|Any CPU
		{8693F4EB-211B-447E-AD1C-25D648FB8040}.Release|Any CPU.Build.0 = Release|Any CPU
		{455FA367-C828-4047-946C-3ECDE454B91B}.Debug|Any CPU.ActiveCfg = Debug|Any CPU
		{455FA367-C828-4047-946C-3ECDE454B91B}.Debug|Any CPU.Build.0 = Debug|Any CPU
		{455FA367-C828-4047-946C-3ECDE454B91B}.Release|Any CPU.ActiveCfg = Release|Any CPU
		{455FA367-C828-4047-946C-3ECDE454B91B}.Release|Any CPU.Build.0 = Release|Any CPU
	EndGlobalSection
	GlobalSection(SolutionProperties) = preSolution
		HideSolutionNode = FALSE
	EndGlobalSection
	GlobalSection(ExtensibilityGlobals) = postSolution
		SolutionGuid = {3DA80FBB-649E-4954-AAAC-E5ABEAD309C9}
	EndGlobalSection
EndGlobal
