
Microsoft Visual Studio Solution File, Format Version 12.00
# Visual Studio Version 17
VisualStudioVersion = 17.9.34622.214
MinimumVisualStudioVersion = 10.0.40219.1
Project("{FAE04EC0-301F-11D3-BF4B-00C04F79EFBC}") = "Exercicio01.ConsoleApp", "Exercicio01.ConsoleApp\Exercicio01.ConsoleApp.csproj", "{36A78E0F-4282-43A7-B3FB-FE635790B20C}"
EndProject
Project("{FAE04EC0-301F-11D3-BF4B-00C04F79EFBC}") = "Exercicio02.ConsoleApp", "Exercicio02.ConsoleApp\Exercicio02.ConsoleApp.csproj", "{24186881-C04C-4D61-A682-117B3F076432}"
EndProject
Project("{FAE04EC0-301F-11D3-BF4B-00C04F79EFBC}") = "Exercicio03.ConsoleApp", "Exercicio04.ConsoleApp\Exercicio03.ConsoleApp.csproj", "{C8DC6846-B5BA-4261-A4C8-F9B69F94D8D9}"
EndProject
Project("{FAE04EC0-301F-11D3-BF4B-00C04F79EFBC}") = "Exercicio04.ConsoleApp", "Exercicio04.ConsoleApp\Exercicio04.ConsoleApp.csproj", "{ED7961FA-718B-4D21-BBB0-43CE28602331}"
EndProject
Project("{FAE04EC0-301F-11D3-BF4B-00C04F79EFBC}") = "Exercicio05.ConsoleApp", "Exercicio05.ConsoleApp\Exercicio05.ConsoleApp.csproj", "{AA114DD6-E8F3-47D6-BC1E-E376AB4EC59C}"
EndProject
Project("{FAE04EC0-301F-11D3-BF4B-00C04F79EFBC}") = "Exercicio06.ConsoleApp", "Exercicio06.ConsoleApp\Exercicio06.ConsoleApp.csproj", "{2EF539DD-F66B-4E09-B9EC-8CC9A5B0259A}"
EndProject
Project("{FAE04EC0-301F-11D3-BF4B-00C04F79EFBC}") = "Exercicio07.ConsoleApp", "Exercicio07.ConsoleApp\Exercicio07.ConsoleApp.csproj", "{05B36806-518D-4DA2-81ED-32D70822EF8B}"
EndProject
Project("{FAE04EC0-301F-11D3-BF4B-00C04F79EFBC}") = "Exercicio08.ConsoleApp", "Exercicio08.ConsoleApp\Exercicio08.ConsoleApp.csproj", "{70B515E0-F600-4852-83AC-5940CB218692}"
EndProject
Global
	GlobalSection(SolutionConfigurationPlatforms) = preSolution
		Debug|Any CPU = Debug|Any CPU
		Release|Any CPU = Release|Any CPU
	EndGlobalSection
	GlobalSection(ProjectConfigurationPlatforms) = postSolution
		{36A78E0F-4282-43A7-B3FB-FE635790B20C}.Debug|Any CPU.ActiveCfg = Debug|Any CPU
		{36A78E0F-4282-43A7-B3FB-FE635790B20C}.Debug|Any CPU.Build.0 = Debug|Any CPU
		{36A78E0F-4282-43A7-B3FB-FE635790B20C}.Release|Any CPU.ActiveCfg = Release|Any CPU
		{36A78E0F-4282-43A7-B3FB-FE635790B20C}.Release|Any CPU.Build.0 = Release|Any CPU
		{24186881-C04C-4D61-A682-117B3F076432}.Debug|Any CPU.ActiveCfg = Debug|Any CPU
		{24186881-C04C-4D61-A682-117B3F076432}.Debug|Any CPU.Build.0 = Debug|Any CPU
		{24186881-C04C-4D61-A682-117B3F076432}.Release|Any CPU.ActiveCfg = Release|Any CPU
		{24186881-C04C-4D61-A682-117B3F076432}.Release|Any CPU.Build.0 = Release|Any CPU
		{C8DC6846-B5BA-4261-A4C8-F9B69F94D8D9}.Debug|Any CPU.ActiveCfg = Debug|Any CPU
		{C8DC6846-B5BA-4261-A4C8-F9B69F94D8D9}.Debug|Any CPU.Build.0 = Debug|Any CPU
		{C8DC6846-B5BA-4261-A4C8-F9B69F94D8D9}.Release|Any CPU.ActiveCfg = Release|Any CPU
		{C8DC6846-B5BA-4261-A4C8-F9B69F94D8D9}.Release|Any CPU.Build.0 = Release|Any CPU
		{ED7961FA-718B-4D21-BBB0-43CE28602331}.Debug|Any CPU.ActiveCfg = Debug|Any CPU
		{ED7961FA-718B-4D21-BBB0-43CE28602331}.Debug|Any CPU.Build.0 = Debug|Any CPU
		{ED7961FA-718B-4D21-BBB0-43CE28602331}.Release|Any CPU.ActiveCfg = Release|Any CPU
		{ED7961FA-718B-4D21-BBB0-43CE28602331}.Release|Any CPU.Build.0 = Release|Any CPU
		{AA114DD6-E8F3-47D6-BC1E-E376AB4EC59C}.Debug|Any CPU.ActiveCfg = Debug|Any CPU
		{AA114DD6-E8F3-47D6-BC1E-E376AB4EC59C}.Debug|Any CPU.Build.0 = Debug|Any CPU
		{AA114DD6-E8F3-47D6-BC1E-E376AB4EC59C}.Release|Any CPU.ActiveCfg = Release|Any CPU
		{AA114DD6-E8F3-47D6-BC1E-E376AB4EC59C}.Release|Any CPU.Build.0 = Release|Any CPU
		{2EF539DD-F66B-4E09-B9EC-8CC9A5B0259A}.Debug|Any CPU.ActiveCfg = Debug|Any CPU
		{2EF539DD-F66B-4E09-B9EC-8CC9A5B0259A}.Debug|Any CPU.Build.0 = Debug|Any CPU
		{2EF539DD-F66B-4E09-B9EC-8CC9A5B0259A}.Release|Any CPU.ActiveCfg = Release|Any CPU
		{2EF539DD-F66B-4E09-B9EC-8CC9A5B0259A}.Release|Any CPU.Build.0 = Release|Any CPU
		{05B36806-518D-4DA2-81ED-32D70822EF8B}.Debug|Any CPU.ActiveCfg = Debug|Any CPU
		{05B36806-518D-4DA2-81ED-32D70822EF8B}.Debug|Any CPU.Build.0 = Debug|Any CPU
		{05B36806-518D-4DA2-81ED-32D70822EF8B}.Release|Any CPU.ActiveCfg = Release|Any CPU
		{05B36806-518D-4DA2-81ED-32D70822EF8B}.Release|Any CPU.Build.0 = Release|Any CPU
		{70B515E0-F600-4852-83AC-5940CB218692}.Debug|Any CPU.ActiveCfg = Debug|Any CPU
		{70B515E0-F600-4852-83AC-5940CB218692}.Debug|Any CPU.Build.0 = Debug|Any CPU
		{70B515E0-F600-4852-83AC-5940CB218692}.Release|Any CPU.ActiveCfg = Release|Any CPU
		{70B515E0-F600-4852-83AC-5940CB218692}.Release|Any CPU.Build.0 = Release|Any CPU
	EndGlobalSection
	GlobalSection(SolutionProperties) = preSolution
		HideSolutionNode = FALSE
	EndGlobalSection
	GlobalSection(ExtensibilityGlobals) = postSolution
		SolutionGuid = {3DA80FBB-649E-4954-AAAC-E5ABEAD309C9}
	EndGlobalSection
EndGlobal
